<?xml version="1.0" encoding="utf-8"?>
<Project ToolsVersion="4.0" xmlns="http://schemas.microsoft.com/developer/msbuild/2003">
  <ItemGroup>
    <Filter Include="소스 파일">
      <UniqueIdentifier>{4FC737F1-C7A5-4376-A066-2A32D752A2FF}</UniqueIdentifier>
      <Extensions>cpp;c;cc;cxx;def;odl;idl;hpj;bat;asm;asmx</Extensions>
    </Filter>
    <Filter Include="헤더 파일">
      <UniqueIdentifier>{93995380-89BD-4b04-88EB-625FBE52EBFB}</UniqueIdentifier>
      <Extensions>h;hh;hpp;hxx;hm;inl;inc;ipp;xsd</Extensions>
    </Filter>
    <Filter Include="리소스 파일">
      <UniqueIdentifier>{67DA6AB6-F800-4c08-8B7A-83BB121AAD01}</UniqueIdentifier>
      <Extensions>rc;ico;cur;bmp;dlg;rc2;rct;bin;rgs;gif;jpg;jpeg;jpe;resx;tiff;tif;png;wav;mfcribbon-ms</Extensions>
    </Filter>
    <Filter Include="소스 파일\Stack">
      <UniqueIdentifier>{44df63dc-08c1-4132-b76a-e65a47bdc641}</UniqueIdentifier>
    </Filter>
    <Filter Include="소스 파일\Queue">
      <UniqueIdentifier>{ffc1214a-c4b8-4e80-b9cd-3a731e0091b4}</UniqueIdentifier>
    </Filter>
    <Filter Include="소스 파일\Sort">
      <UniqueIdentifier>{6b8d1204-e3fb-4631-a5c6-936dd394f822}</UniqueIdentifier>
    </Filter>
    <Filter Include="소스 파일\Math1">
      <UniqueIdentifier>{16efc193-cc15-4ca3-ad8a-b38350847732}</UniqueIdentifier>
    </Filter>
    <Filter Include="소스 파일\Graph">
      <UniqueIdentifier>{fff3be62-222c-4033-ac57-899873d79322}</UniqueIdentifier>
    </Filter>
    <Filter Include="소스 파일\-LGCNS">
      <UniqueIdentifier>{4758d046-39be-4a4d-9207-9443e89c618f}</UniqueIdentifier>
    </Filter>
    <Filter Include="소스 파일\Brute-Force">
      <UniqueIdentifier>{8d57f06e-6f8a-44e4-9d91-a8a32a882a6c}</UniqueIdentifier>
    </Filter>
    <Filter Include="소스 파일\String">
      <UniqueIdentifier>{d7a87f5e-08b3-4cb6-80a6-d4e5fcc4d034}</UniqueIdentifier>
    </Filter>
    <Filter Include="소스 파일\Simulation">
      <UniqueIdentifier>{83d7380c-7597-49b4-84f2-6598d7618660}</UniqueIdentifier>
    </Filter>
  </ItemGroup>
  <ItemGroup>
    <ClCompile Include="1874.c">
      <Filter>소스 파일\Stack</Filter>
    </ClCompile>
    <ClCompile Include="9012.c">
      <Filter>소스 파일\Stack</Filter>
    </ClCompile>
    <ClCompile Include="Steel(KOI2016).c">
      <Filter>소스 파일\Stack</Filter>
    </ClCompile>
    <ClCompile Include="1158.c">
      <Filter>소스 파일\Queue</Filter>
    </ClCompile>
    <ClCompile Include="2751.c">
      <Filter>소스 파일\Sort</Filter>
    </ClCompile>
    <ClCompile Include="BJ_github_2751.cpp">
      <Filter>소스 파일\Sort</Filter>
    </ClCompile>
    <ClCompile Include="10814.c">
      <Filter>소스 파일\Sort</Filter>
    </ClCompile>
    <ClCompile Include="10825.c">
      <Filter>소스 파일\Sort</Filter>
    </ClCompile>
    <ClCompile Include="11652.cpp">
      <Filter>소스 파일\Sort</Filter>
    </ClCompile>
    <ClCompile Include="11650.c">
      <Filter>소스 파일\Sort</Filter>
    </ClCompile>
    <ClCompile Include="11004.cpp">
      <Filter>소스 파일\Sort</Filter>
    </ClCompile>
    <ClCompile Include="10430.c">
      <Filter>소스 파일\Math1</Filter>
    </ClCompile>
    <ClCompile Include="2609.c">
      <Filter>소스 파일\Math1</Filter>
    </ClCompile>
    <ClCompile Include="1934.c">
      <Filter>소스 파일\Math1</Filter>
    </ClCompile>
    <ClCompile Include="1850.c">
      <Filter>소스 파일\Math1</Filter>
    </ClCompile>
    <ClCompile Include="9613.c">
      <Filter>소스 파일\Math1</Filter>
    </ClCompile>
    <ClCompile Include="11005.c">
      <Filter>소스 파일\Math1</Filter>
    </ClCompile>
    <ClCompile Include="2745.c">
      <Filter>소스 파일\Math1</Filter>
    </ClCompile>
    <ClCompile Include="1373.c">
      <Filter>소스 파일\Math1</Filter>
    </ClCompile>
    <ClCompile Include="1212.cpp">
      <Filter>소스 파일\Math1</Filter>
    </ClCompile>
    <ClCompile Include="1212_BJ.cpp">
      <Filter>소스 파일\Math1</Filter>
    </ClCompile>
    <ClCompile Include="1260.cpp">
      <Filter>소스 파일\Graph</Filter>
    </ClCompile>
    <ClCompile Include="11724.cpp">
      <Filter>소스 파일\Graph</Filter>
    </ClCompile>
    <ClCompile Include="1707.cpp">
      <Filter>소스 파일\Graph</Filter>
    </ClCompile>
    <ClCompile Include="test.cpp">
      <Filter>소스 파일\-LGCNS</Filter>
    </ClCompile>
    <ClCompile Include="1.cpp">
      <Filter>소스 파일\-LGCNS</Filter>
    </ClCompile>
    <ClCompile Include="2.cpp">
      <Filter>소스 파일\-LGCNS</Filter>
    </ClCompile>
    <ClCompile Include="3.cpp">
      <Filter>소스 파일\-LGCNS</Filter>
    </ClCompile>
    <ClCompile Include="4.cpp">
      <Filter>소스 파일\-LGCNS</Filter>
    </ClCompile>
    <ClCompile Include="10451.cpp">
      <Filter>소스 파일\Graph</Filter>
    </ClCompile>
    <ClCompile Include="10451_arr.cpp">
      <Filter>소스 파일\Graph</Filter>
    </ClCompile>
    <ClCompile Include="2331.cpp">
      <Filter>소스 파일\Graph</Filter>
    </ClCompile>
    <ClCompile Include="9466.cpp">
      <Filter>소스 파일\Graph</Filter>
    </ClCompile>
    <ClCompile Include="2667.cpp">
      <Filter>소스 파일\Graph</Filter>
    </ClCompile>
    <ClCompile Include="2667_arr.cpp">
      <Filter>소스 파일\Graph</Filter>
    </ClCompile>
    <ClCompile Include="4963.cpp">
      <Filter>소스 파일\Graph</Filter>
    </ClCompile>
    <ClCompile Include="3665.cpp">
      <Filter>소스 파일\Graph</Filter>
    </ClCompile>
    <ClCompile Include="10989.cpp">
      <Filter>소스 파일\Sort</Filter>
    </ClCompile>
    <ClCompile Include="2669.cpp">
      <Filter>소스 파일\Brute-Force</Filter>
    </ClCompile>
    <ClCompile Include="2503.cpp">
      <Filter>소스 파일\Brute-Force</Filter>
    </ClCompile>
    <ClCompile Include="1107.cpp">
      <Filter>소스 파일\Brute-Force</Filter>
    </ClCompile>
    <ClCompile Include="1476.cpp">
      <Filter>소스 파일\Brute-Force</Filter>
    </ClCompile>
    <ClCompile Include="2744.cpp">
      <Filter>소스 파일\String</Filter>
    </ClCompile>
    <ClCompile Include="6.3.cpp">
      <Filter>소스 파일\String</Filter>
    </ClCompile>
    <ClCompile Include="6.4.cpp">
      <Filter>소스 파일\String</Filter>
    </ClCompile>
    <ClCompile Include="6.5.cpp">
      <Filter>소스 파일\String</Filter>
    </ClCompile>
    <ClCompile Include="6.6.cpp">
      <Filter>소스 파일\String</Filter>
    </ClCompile>
    <ClCompile Include="2309.cpp">
      <Filter>소스 파일\Brute-Force</Filter>
    </ClCompile>
    <ClCompile Include="2309_re.cpp">
      <Filter>소스 파일\Brute-Force</Filter>
    </ClCompile>
    <ClCompile Include="2231.cpp">
      <Filter>소스 파일\Brute-Force</Filter>
    </ClCompile>
    <ClCompile Include="1065.cpp">
      <Filter>소스 파일\Brute-Force</Filter>
    </ClCompile>
    <ClCompile Include="7568.cpp">
      <Filter>소스 파일\Brute-Force</Filter>
    </ClCompile>
    <ClCompile Include="14500.cpp">
      <Filter>소스 파일\Brute-Force</Filter>
    </ClCompile>
    <ClCompile Include="15653_dfs.cpp">
      <Filter>소스 파일\Graph</Filter>
    </ClCompile>
    <ClCompile Include="15653_bfs.cpp">
      <Filter>소스 파일\Graph</Filter>
    </ClCompile>
    <ClCompile Include="15653_BJ.cpp">
      <Filter>소스 파일\Graph</Filter>
    </ClCompile>
    <ClCompile Include="5213.cpp">
      <Filter>소스 파일\Graph</Filter>
    </ClCompile>
    <ClCompile Include="13913.cpp">
      <Filter>소스 파일\Graph</Filter>
    </ClCompile>
    <ClCompile Include="13549.cpp">
      <Filter>소스 파일\Graph</Filter>
    </ClCompile>
    <ClCompile Include="12851.cpp">
      <Filter>소스 파일\Graph</Filter>
    </ClCompile>
    <ClCompile Include="15686.cpp">
      <Filter>소스 파일\Brute-Force</Filter>
    </ClCompile>
    <ClCompile Include="15685.cpp">
      <Filter>소스 파일\Simulation</Filter>
    </ClCompile>
    <ClCompile Include="15686_RunTimeError.cpp">
      <Filter>소스 파일\Brute-Force</Filter>
    </ClCompile>
  </ItemGroup>
</Project>